{"is_source_file": false, "format": "", "description": "", "external_files": [], "external_methods": [], "published": [], "classes": [], "methods": [], "calls": [], "search-terms": [], "state": 2, "file_id": 2, "knowledge_revision": 23, "git_revision": "50f4a536f31678a9f7f317c2c3c18d65148184f3", "hash": "9c4ed7ef73e22b872b8055bec08b8979", "format-version": 4, "code-base-name": "default", "filename": "kavya_resume_boost/post_process_status.lock", "revision_history": [{"23": "50f4a536f31678a9f7f317c2c3c18d65148184f3"}]}